
Microsoft Visual Studio Solution File, Format Version 12.00
# Visual Studio 15
Project("{FAE04EC0-301F-11D3-BF4B-00C04F79EFBC}") = "Assembly-CSharp", "Assembly-CSharp.csproj", "{4E64C4A6-C25B-0449-3A1D-ABEC120B3653}"
EndProject
Project("{FAE04EC0-301F-11D3-BF4B-00C04F79EFBC}") = "Assembly-CSharp-Editor", "Assembly-CSharp-Editor.csproj", "{DD88F838-7A6F-8621-FEAC-86FDBB6A3360}"
EndProject
Global
	GlobalSection(SolutionConfigurationPlatforms) = preSolution
		Debug|Any CPU = Debug|Any CPU
		Release|Any CPU = Release|Any CPU
	EndGlobalSection
	GlobalSection(ProjectConfigurationPlatforms) = postSolution
		{4E64C4A6-C25B-0449-3A1D-ABEC120B3653}.Debug|Any CPU.ActiveCfg = Debug|Any CPU
		{4E64C4A6-C25B-0449-3A1D-ABEC120B3653}.Debug|Any CPU.Build.0 = Debug|Any CPU
		{4E64C4A6-C25B-0449-3A1D-ABEC120B3653}.Release|Any CPU.ActiveCfg = Release|Any CPU
		{4E64C4A6-C25B-0449-3A1D-ABEC120B3653}.Release|Any CPU.Build.0 = Release|Any CPU
		{DD88F838-7A6F-8621-FEAC-86FDBB6A3360}.Debug|Any CPU.ActiveCfg = Debug|Any CPU
		{DD88F838-7A6F-8621-FEAC-86FDBB6A3360}.Debug|Any CPU.Build.0 = Debug|Any CPU
		{DD88F838-7A6F-8621-FEAC-86FDBB6A3360}.Release|Any CPU.ActiveCfg = Release|Any CPU
		{DD88F838-7A6F-8621-FEAC-86FDBB6A3360}.Release|Any CPU.Build.0 = Release|Any CPU
	EndGlobalSection
	GlobalSection(SolutionProperties) = preSolution
		HideSolutionNode = FALSE
	EndGlobalSection
EndGlobal
